// !$*UTF8*$!
{
	archiveVersion = 1;
	classes = {
	};
	objectVersion = 52;
	objects = {

/* Begin PBXBuildFile section */
		C609003926DA37D200970A2C /* IntroView.swift in Sources */ = {isa = PBXBuildFile; fileRef = C609003826DA37D200970A2C /* IntroView.swift */; };
		C60F785526DA27860007B1C4 /* ContentView.swift in Sources */ = {isa = PBXBuildFile; fileRef = C60F785426DA27860007B1C4 /* ContentView.swift */; };
		C60F785A26DA28720007B1C4 /* ContentView.swift in Sources */ = {isa = PBXBuildFile; fileRef = C60F785926DA28720007B1C4 /* ContentView.swift */; };
		C60F785C26DA29650007B1C4 /* HeaderView.swift in Sources */ = {isa = PBXBuildFile; fileRef = C60F785B26DA29650007B1C4 /* HeaderView.swift */; };
		C60F785D26DA29650007B1C4 /* HeaderView.swift in Sources */ = {isa = PBXBuildFile; fileRef = C60F785B26DA29650007B1C4 /* HeaderView.swift */; };
		C60F785E26DA29650007B1C4 /* HeaderView.swift in Sources */ = {isa = PBXBuildFile; fileRef = C60F785B26DA29650007B1C4 /* HeaderView.swift */; };
		C60F786026DA29EE0007B1C4 /* ActivityView.swift in Sources */ = {isa = PBXBuildFile; fileRef = C60F785F26DA29EE0007B1C4 /* ActivityView.swift */; };
		C60F786126DA29EE0007B1C4 /* ActivityView.swift in Sources */ = {isa = PBXBuildFile; fileRef = C60F785F26DA29EE0007B1C4 /* ActivityView.swift */; };
		C60F786226DA29EE0007B1C4 /* ActivityView.swift in Sources */ = {isa = PBXBuildFile; fileRef = C60F785F26DA29EE0007B1C4 /* ActivityView.swift */; };
		C612DC2826C2BAEE0078BDE1 /* WidgetKit.framework in Frameworks */ = {isa = PBXBuildFile; fileRef = C612DC2726C2BAEE0078BDE1 /* WidgetKit.framework */; };
		C612DC2A26C2BAEE0078BDE1 /* SwiftUI.framework in Frameworks */ = {isa = PBXBuildFile; fileRef = C612DC2926C2BAEE0078BDE1 /* SwiftUI.framework */; };
		C612DC2D26C2BAEE0078BDE1 /* Widget.swift in Sources */ = {isa = PBXBuildFile; fileRef = C612DC2C26C2BAEE0078BDE1 /* Widget.swift */; };
		C612DC3026C2BAF00078BDE1 /* Assets.xcassets in Resources */ = {isa = PBXBuildFile; fileRef = C612DC2F26C2BAF00078BDE1 /* Assets.xcassets */; };
		C612DC3626C2BAF00078BDE1 /* WidgetExtension(iOS).appex in Embed App Extensions */ = {isa = PBXBuildFile; fileRef = C612DC2526C2BAEE0078BDE1 /* WidgetExtension(iOS).appex */; settings = {ATTRIBUTES = (RemoveHeadersOnCopy, ); }; };
		C612DC3B26C2BD4C0078BDE1 /* ActivityStore.swift in Sources */ = {isa = PBXBuildFile; fileRef = C64E182826BE7A650043107C /* ActivityStore.swift */; };
		C612DC4326C2BF470078BDE1 /* ItemView.swift in Sources */ = {isa = PBXBuildFile; fileRef = C64E182E26BE7B720043107C /* ItemView.swift */; };
		C612DC4426C2BF580078BDE1 /* Extensions+String.swift in Sources */ = {isa = PBXBuildFile; fileRef = C64E182C26BE7B720043107C /* Extensions+String.swift */; };
		C612DC4626C2CFC90078BDE1 /* SmallWidget.swift in Sources */ = {isa = PBXBuildFile; fileRef = C612DC4526C2CFC90078BDE1 /* SmallWidget.swift */; };
		C629C36C26D2D77A006AB59B /* WidgetKit.framework in Frameworks */ = {isa = PBXBuildFile; fileRef = C612DC2726C2BAEE0078BDE1 /* WidgetKit.framework */; };
		C629C36D26D2D77A006AB59B /* SwiftUI.framework in Frameworks */ = {isa = PBXBuildFile; fileRef = C612DC2926C2BAEE0078BDE1 /* SwiftUI.framework */; };
		C629C37A26D2D77B006AB59B /* WidgetExtension(macOS).appex in Embed App Extensions */ = {isa = PBXBuildFile; fileRef = C629C36B26D2D77A006AB59B /* WidgetExtension(macOS).appex */; settings = {ATTRIBUTES = (RemoveHeadersOnCopy, ); }; };
		C629C37F26D2D7A6006AB59B /* ActivityData.swift in Sources */ = {isa = PBXBuildFile; fileRef = C648678626CC32F2004F2C80 /* ActivityData.swift */; };
		C648678226CB9D5F004F2C80 /* MediumWidget.swift in Sources */ = {isa = PBXBuildFile; fileRef = C648678026CB9D5F004F2C80 /* MediumWidget.swift */; };
		C648678726CC32F2004F2C80 /* ActivityData.swift in Sources */ = {isa = PBXBuildFile; fileRef = C648678626CC32F2004F2C80 /* ActivityData.swift */; };
		C64E180326BE76550043107C /* BoredApp.swift in Sources */ = {isa = PBXBuildFile; fileRef = C64E17F026BE76540043107C /* BoredApp.swift */; };
		C64E180426BE76550043107C /* BoredApp.swift in Sources */ = {isa = PBXBuildFile; fileRef = C64E17F026BE76540043107C /* BoredApp.swift */; };
		C64E180726BE76550043107C /* Assets.xcassets in Resources */ = {isa = PBXBuildFile; fileRef = C64E17F226BE76550043107C /* Assets.xcassets */; };
		C64E180826BE76550043107C /* Assets.xcassets in Resources */ = {isa = PBXBuildFile; fileRef = C64E17F226BE76550043107C /* Assets.xcassets */; };
		C64E182926BE7A650043107C /* ActivityStore.swift in Sources */ = {isa = PBXBuildFile; fileRef = C64E182826BE7A650043107C /* ActivityStore.swift */; };
		C64E182A26BE7A650043107C /* ActivityStore.swift in Sources */ = {isa = PBXBuildFile; fileRef = C64E182826BE7A650043107C /* ActivityStore.swift */; };
		C64E183126BE7B720043107C /* Extensions+String.swift in Sources */ = {isa = PBXBuildFile; fileRef = C64E182C26BE7B720043107C /* Extensions+String.swift */; };
		C64E183226BE7B720043107C /* Extensions+String.swift in Sources */ = {isa = PBXBuildFile; fileRef = C64E182C26BE7B720043107C /* Extensions+String.swift */; };
		C64E183326BE7B720043107C /* ItemView.swift in Sources */ = {isa = PBXBuildFile; fileRef = C64E182E26BE7B720043107C /* ItemView.swift */; };
		C64E183426BE7B720043107C /* ItemView.swift in Sources */ = {isa = PBXBuildFile; fileRef = C64E182E26BE7B720043107C /* ItemView.swift */; };
		C64E183526BE7B720043107C /* ActionView.swift in Sources */ = {isa = PBXBuildFile; fileRef = C64E182F26BE7B720043107C /* ActionView.swift */; };
		C64E183626BE7B720043107C /* ActionView.swift in Sources */ = {isa = PBXBuildFile; fileRef = C64E182F26BE7B720043107C /* ActionView.swift */; };
		C650657D26E4B71F00604E8C /* MoreView.swift in Sources */ = {isa = PBXBuildFile; fileRef = C650657C26E4B71F00604E8C /* MoreView.swift */; };
		C658675B26CEEF5C00C4E368 /* VisualEffectBlur-Mac.swift in Sources */ = {isa = PBXBuildFile; fileRef = C658675A26CEEF5C00C4E368 /* VisualEffectBlur-Mac.swift */; };
		C65BCCEE26D2D82D001A7F19 /* MediumWidget.swift in Sources */ = {isa = PBXBuildFile; fileRef = C648678026CB9D5F004F2C80 /* MediumWidget.swift */; };
		C65BCCEF26D2D82D001A7F19 /* SmallWidget.swift in Sources */ = {isa = PBXBuildFile; fileRef = C612DC4526C2CFC90078BDE1 /* SmallWidget.swift */; };
		C65BCCF026D2D82D001A7F19 /* Widget.swift in Sources */ = {isa = PBXBuildFile; fileRef = C612DC2C26C2BAEE0078BDE1 /* Widget.swift */; };
		C65BCCF126D2D82D001A7F19 /* Assets.xcassets in Resources */ = {isa = PBXBuildFile; fileRef = C612DC2F26C2BAF00078BDE1 /* Assets.xcassets */; };
		C65BCCF526D2D87E001A7F19 /* ActivityStore.swift in Sources */ = {isa = PBXBuildFile; fileRef = C64E182826BE7A650043107C /* ActivityStore.swift */; };
		C65BCCFB26D2D88B001A7F19 /* Extensions+String.swift in Sources */ = {isa = PBXBuildFile; fileRef = C64E182C26BE7B720043107C /* Extensions+String.swift */; };
		C65BCCFC26D2D89A001A7F19 /* ItemView.swift in Sources */ = {isa = PBXBuildFile; fileRef = C64E182E26BE7B720043107C /* ItemView.swift */; };
		C67DEEC926F3BF8C0010B233 /* BoredSDK in Frameworks */ = {isa = PBXBuildFile; productRef = C67DEEC826F3BF8C0010B233 /* BoredSDK */; };
		C67DEECB26F3BF910010B233 /* BoredSDK in Frameworks */ = {isa = PBXBuildFile; productRef = C67DEECA26F3BF910010B233 /* BoredSDK */; };
		C67DEECD26F3BF960010B233 /* BoredSDK in Frameworks */ = {isa = PBXBuildFile; productRef = C67DEECC26F3BF960010B233 /* BoredSDK */; };
		C67DEECF26F3BF9C0010B233 /* BoredSDK in Frameworks */ = {isa = PBXBuildFile; productRef = C67DEECE26F3BF9C0010B233 /* BoredSDK */; };
		C67DEED126F3BFA20010B233 /* BoredSDK in Frameworks */ = {isa = PBXBuildFile; productRef = C67DEED026F3BFA20010B233 /* BoredSDK */; };
		C6B2F1DC26E2910F004285BB /* ContentView.swift in Sources */ = {isa = PBXBuildFile; fileRef = C6B2F1DB26E2910F004285BB /* ContentView.swift */; };
		C6B2F1DE26E2A1A4004285BB /* FilterView.swift in Sources */ = {isa = PBXBuildFile; fileRef = C6B2F1DD26E2A1A4004285BB /* FilterView.swift */; };
		C6B2F1E026E2AC87004285BB /* BottomSheetView.swift in Sources */ = {isa = PBXBuildFile; fileRef = C6B2F1DF26E2AC87004285BB /* BottomSheetView.swift */; };
		C6ED205326D294FC004B1402 /* Bored WatchKit App.app in Embed Watch Content */ = {isa = PBXBuildFile; fileRef = C6ED205226D294FC004B1402 /* Bored WatchKit App.app */; settings = {ATTRIBUTES = (RemoveHeadersOnCopy, ); }; };
		C6ED205826D294FE004B1402 /* Assets.xcassets in Resources */ = {isa = PBXBuildFile; fileRef = C6ED205726D294FE004B1402 /* Assets.xcassets */; };
		C6ED205F26D294FE004B1402 /* Bored WatchKit Extension.appex in Embed App Extensions */ = {isa = PBXBuildFile; fileRef = C6ED205E26D294FE004B1402 /* Bored WatchKit Extension.appex */; settings = {ATTRIBUTES = (RemoveHeadersOnCopy, ); }; };
		C6ED206826D294FE004B1402 /* ComplicationController.swift in Sources */ = {isa = PBXBuildFile; fileRef = C6ED206726D294FE004B1402 /* ComplicationController.swift */; };
		C6ED206A26D294FF004B1402 /* Assets.xcassets in Resources */ = {isa = PBXBuildFile; fileRef = C6ED206926D294FF004B1402 /* Assets.xcassets */; };
		C6ED206D26D294FF004B1402 /* Preview Assets.xcassets in Resources */ = {isa = PBXBuildFile; fileRef = C6ED206C26D294FF004B1402 /* Preview Assets.xcassets */; };
		C6ED207A26D2A29D004B1402 /* Extensions+String.swift in Sources */ = {isa = PBXBuildFile; fileRef = C64E182C26BE7B720043107C /* Extensions+String.swift */; };
		C6ED207B26D2A2A7004B1402 /* ItemView.swift in Sources */ = {isa = PBXBuildFile; fileRef = C64E182E26BE7B720043107C /* ItemView.swift */; };
		C6ED207D26D2A2FF004B1402 /* ActivityStore.swift in Sources */ = {isa = PBXBuildFile; fileRef = C64E182826BE7A650043107C /* ActivityStore.swift */; };
		C6ED208426D2A3E7004B1402 /* BoredApp.swift in Sources */ = {isa = PBXBuildFile; fileRef = C64E17F026BE76540043107C /* BoredApp.swift */; };
		C6ED208626D2A435004B1402 /* ActionView.swift in Sources */ = {isa = PBXBuildFile; fileRef = C64E182F26BE7B720043107C /* ActionView.swift */; };
/* End PBXBuildFile section */

/* Begin PBXContainerItemProxy section */
		C612DC3426C2BAF00078BDE1 /* PBXContainerItemProxy */ = {
			isa = PBXContainerItemProxy;
			containerPortal = C64E17EB26BE76540043107C /* Project object */;
			proxyType = 1;
			remoteGlobalIDString = C612DC2426C2BAEE0078BDE1;
			remoteInfo = WidgetExtension;
		};
		C629C37826D2D77B006AB59B /* PBXContainerItemProxy */ = {
			isa = PBXContainerItemProxy;
			containerPortal = C64E17EB26BE76540043107C /* Project object */;
			proxyType = 1;
			remoteGlobalIDString = C629C36A26D2D77A006AB59B;
			remoteInfo = WidgetExtension;
		};
		C6ED205426D294FC004B1402 /* PBXContainerItemProxy */ = {
			isa = PBXContainerItemProxy;
			containerPortal = C64E17EB26BE76540043107C /* Project object */;
			proxyType = 1;
			remoteGlobalIDString = C6ED205126D294FC004B1402;
			remoteInfo = "Bored WatchKit App";
		};
		C6ED206026D294FE004B1402 /* PBXContainerItemProxy */ = {
			isa = PBXContainerItemProxy;
			containerPortal = C64E17EB26BE76540043107C /* Project object */;
			proxyType = 1;
			remoteGlobalIDString = C6ED205D26D294FE004B1402;
			remoteInfo = "Bored WatchKit Extension";
		};
/* End PBXContainerItemProxy section */

/* Begin PBXCopyFilesBuildPhase section */
		C612DC3726C2BAF00078BDE1 /* Embed App Extensions */ = {
			isa = PBXCopyFilesBuildPhase;
			buildActionMask = 2147483647;
			dstPath = "";
			dstSubfolderSpec = 13;
			files = (
				C612DC3626C2BAF00078BDE1 /* WidgetExtension(iOS).appex in Embed App Extensions */,
			);
			name = "Embed App Extensions";
			runOnlyForDeploymentPostprocessing = 0;
		};
		C629C37E26D2D77B006AB59B /* Embed App Extensions */ = {
			isa = PBXCopyFilesBuildPhase;
			buildActionMask = 2147483647;
			dstPath = "";
			dstSubfolderSpec = 13;
			files = (
				C629C37A26D2D77B006AB59B /* WidgetExtension(macOS).appex in Embed App Extensions */,
			);
			name = "Embed App Extensions";
			runOnlyForDeploymentPostprocessing = 0;
		};
		C6ED207126D294FF004B1402 /* Embed Watch Content */ = {
			isa = PBXCopyFilesBuildPhase;
			buildActionMask = 2147483647;
			dstPath = "$(CONTENTS_FOLDER_PATH)/Watch";
			dstSubfolderSpec = 16;
			files = (
				C6ED205326D294FC004B1402 /* Bored WatchKit App.app in Embed Watch Content */,
			);
			name = "Embed Watch Content";
			runOnlyForDeploymentPostprocessing = 0;
		};
		C6ED207426D294FF004B1402 /* Embed App Extensions */ = {
			isa = PBXCopyFilesBuildPhase;
			buildActionMask = 2147483647;
			dstPath = "";
			dstSubfolderSpec = 13;
			files = (
				C6ED205F26D294FE004B1402 /* Bored WatchKit Extension.appex in Embed App Extensions */,
			);
			name = "Embed App Extensions";
			runOnlyForDeploymentPostprocessing = 0;
		};
/* End PBXCopyFilesBuildPhase section */

/* Begin PBXFileReference section */
		C609003826DA37D200970A2C /* IntroView.swift */ = {isa = PBXFileReference; lastKnownFileType = sourcecode.swift; path = IntroView.swift; sourceTree = "<group>"; };
		C60F785426DA27860007B1C4 /* ContentView.swift */ = {isa = PBXFileReference; lastKnownFileType = sourcecode.swift; path = ContentView.swift; sourceTree = "<group>"; };
		C60F785926DA28720007B1C4 /* ContentView.swift */ = {isa = PBXFileReference; lastKnownFileType = sourcecode.swift; path = ContentView.swift; sourceTree = "<group>"; };
		C60F785B26DA29650007B1C4 /* HeaderView.swift */ = {isa = PBXFileReference; lastKnownFileType = sourcecode.swift; path = HeaderView.swift; sourceTree = "<group>"; };
		C60F785F26DA29EE0007B1C4 /* ActivityView.swift */ = {isa = PBXFileReference; lastKnownFileType = sourcecode.swift; path = ActivityView.swift; sourceTree = "<group>"; };
		C612DC2526C2BAEE0078BDE1 /* WidgetExtension(iOS).appex */ = {isa = PBXFileReference; explicitFileType = "wrapper.app-extension"; includeInIndex = 0; path = "WidgetExtension(iOS).appex"; sourceTree = BUILT_PRODUCTS_DIR; };
		C612DC2726C2BAEE0078BDE1 /* WidgetKit.framework */ = {isa = PBXFileReference; lastKnownFileType = wrapper.framework; name = WidgetKit.framework; path = System/Library/Frameworks/WidgetKit.framework; sourceTree = SDKROOT; };
		C612DC2926C2BAEE0078BDE1 /* SwiftUI.framework */ = {isa = PBXFileReference; lastKnownFileType = wrapper.framework; name = SwiftUI.framework; path = System/Library/Frameworks/SwiftUI.framework; sourceTree = SDKROOT; };
		C612DC2C26C2BAEE0078BDE1 /* Widget.swift */ = {isa = PBXFileReference; lastKnownFileType = sourcecode.swift; path = Widget.swift; sourceTree = "<group>"; };
		C612DC2F26C2BAF00078BDE1 /* Assets.xcassets */ = {isa = PBXFileReference; lastKnownFileType = folder.assetcatalog; path = Assets.xcassets; sourceTree = "<group>"; };
		C612DC3126C2BAF00078BDE1 /* Info.plist */ = {isa = PBXFileReference; lastKnownFileType = text.plist.xml; path = Info.plist; sourceTree = "<group>"; };
		C612DC4526C2CFC90078BDE1 /* SmallWidget.swift */ = {isa = PBXFileReference; lastKnownFileType = sourcecode.swift; path = SmallWidget.swift; sourceTree = "<group>"; };
		C629C36B26D2D77A006AB59B /* WidgetExtension(macOS).appex */ = {isa = PBXFileReference; explicitFileType = "wrapper.app-extension"; includeInIndex = 0; path = "WidgetExtension(macOS).appex"; sourceTree = BUILT_PRODUCTS_DIR; };
		C629C37426D2D77B006AB59B /* Info.plist */ = {isa = PBXFileReference; lastKnownFileType = text.plist.xml; path = Info.plist; sourceTree = "<group>"; };
		C629C37526D2D77B006AB59B /* Widget.entitlements */ = {isa = PBXFileReference; lastKnownFileType = text.plist.entitlements; path = Widget.entitlements; sourceTree = "<group>"; };
		C648678026CB9D5F004F2C80 /* MediumWidget.swift */ = {isa = PBXFileReference; lastKnownFileType = sourcecode.swift; path = MediumWidget.swift; sourceTree = "<group>"; };
		C648678626CC32F2004F2C80 /* ActivityData.swift */ = {isa = PBXFileReference; lastKnownFileType = sourcecode.swift; path = ActivityData.swift; sourceTree = "<group>"; };
		C64E17F026BE76540043107C /* BoredApp.swift */ = {isa = PBXFileReference; lastKnownFileType = sourcecode.swift; path = BoredApp.swift; sourceTree = "<group>"; };
		C64E17F226BE76550043107C /* Assets.xcassets */ = {isa = PBXFileReference; lastKnownFileType = folder.assetcatalog; path = Assets.xcassets; sourceTree = "<group>"; };
		C64E17F726BE76550043107C /* Bored.app */ = {isa = PBXFileReference; explicitFileType = wrapper.application; includeInIndex = 0; path = Bored.app; sourceTree = BUILT_PRODUCTS_DIR; };
		C64E17FA26BE76550043107C /* Info.plist */ = {isa = PBXFileReference; lastKnownFileType = text.plist.xml; path = Info.plist; sourceTree = "<group>"; };
		C64E17FF26BE76550043107C /* Bored.app */ = {isa = PBXFileReference; explicitFileType = wrapper.application; includeInIndex = 0; path = Bored.app; sourceTree = BUILT_PRODUCTS_DIR; };
		C64E180126BE76550043107C /* Info.plist */ = {isa = PBXFileReference; lastKnownFileType = text.plist.xml; path = Info.plist; sourceTree = "<group>"; };
		C64E180226BE76550043107C /* macOS.entitlements */ = {isa = PBXFileReference; lastKnownFileType = text.plist.entitlements; path = macOS.entitlements; sourceTree = "<group>"; };
		C64E182826BE7A650043107C /* ActivityStore.swift */ = {isa = PBXFileReference; lastKnownFileType = sourcecode.swift; path = ActivityStore.swift; sourceTree = "<group>"; };
		C64E182C26BE7B720043107C /* Extensions+String.swift */ = {isa = PBXFileReference; fileEncoding = 4; lastKnownFileType = sourcecode.swift; path = "Extensions+String.swift"; sourceTree = "<group>"; };
		C64E182E26BE7B720043107C /* ItemView.swift */ = {isa = PBXFileReference; fileEncoding = 4; lastKnownFileType = sourcecode.swift; path = ItemView.swift; sourceTree = "<group>"; };
		C64E182F26BE7B720043107C /* ActionView.swift */ = {isa = PBXFileReference; fileEncoding = 4; lastKnownFileType = sourcecode.swift; path = ActionView.swift; sourceTree = "<group>"; };
		C650657C26E4B71F00604E8C /* MoreView.swift */ = {isa = PBXFileReference; lastKnownFileType = sourcecode.swift; path = MoreView.swift; sourceTree = "<group>"; };
		C658675A26CEEF5C00C4E368 /* VisualEffectBlur-Mac.swift */ = {isa = PBXFileReference; fileEncoding = 4; lastKnownFileType = sourcecode.swift; path = "VisualEffectBlur-Mac.swift"; sourceTree = "<group>"; };
		C6B2F1DB26E2910F004285BB /* ContentView.swift */ = {isa = PBXFileReference; fileEncoding = 4; lastKnownFileType = sourcecode.swift; path = ContentView.swift; sourceTree = "<group>"; };
		C6B2F1DD26E2A1A4004285BB /* FilterView.swift */ = {isa = PBXFileReference; lastKnownFileType = sourcecode.swift; path = FilterView.swift; sourceTree = "<group>"; };
		C6B2F1DF26E2AC87004285BB /* BottomSheetView.swift */ = {isa = PBXFileReference; lastKnownFileType = sourcecode.swift; path = BottomSheetView.swift; sourceTree = "<group>"; };
		C6ED204F26D294FC004B1402 /* Bored.app */ = {isa = PBXFileReference; explicitFileType = wrapper.application; includeInIndex = 0; path = Bored.app; sourceTree = BUILT_PRODUCTS_DIR; };
		C6ED205226D294FC004B1402 /* Bored WatchKit App.app */ = {isa = PBXFileReference; explicitFileType = wrapper.application; includeInIndex = 0; path = "Bored WatchKit App.app"; sourceTree = BUILT_PRODUCTS_DIR; };
		C6ED205726D294FE004B1402 /* Assets.xcassets */ = {isa = PBXFileReference; lastKnownFileType = folder.assetcatalog; path = Assets.xcassets; sourceTree = "<group>"; };
		C6ED205926D294FE004B1402 /* Info.plist */ = {isa = PBXFileReference; lastKnownFileType = text.plist.xml; path = Info.plist; sourceTree = "<group>"; };
		C6ED205E26D294FE004B1402 /* Bored WatchKit Extension.appex */ = {isa = PBXFileReference; explicitFileType = "wrapper.app-extension"; includeInIndex = 0; path = "Bored WatchKit Extension.appex"; sourceTree = BUILT_PRODUCTS_DIR; };
		C6ED206726D294FE004B1402 /* ComplicationController.swift */ = {isa = PBXFileReference; lastKnownFileType = sourcecode.swift; path = ComplicationController.swift; sourceTree = "<group>"; };
		C6ED206926D294FF004B1402 /* Assets.xcassets */ = {isa = PBXFileReference; lastKnownFileType = folder.assetcatalog; path = Assets.xcassets; sourceTree = "<group>"; };
		C6ED206C26D294FF004B1402 /* Preview Assets.xcassets */ = {isa = PBXFileReference; lastKnownFileType = folder.assetcatalog; path = "Preview Assets.xcassets"; sourceTree = "<group>"; };
		C6ED206E26D294FF004B1402 /* Info.plist */ = {isa = PBXFileReference; lastKnownFileType = text.plist.xml; path = Info.plist; sourceTree = "<group>"; };
/* End PBXFileReference section */

/* Begin PBXFrameworksBuildPhase section */
		C612DC2226C2BAEE0078BDE1 /* Frameworks */ = {
			isa = PBXFrameworksBuildPhase;
			buildActionMask = 2147483647;
			files = (
				C67DEECD26F3BF960010B233 /* BoredSDK in Frameworks */,
				C612DC2A26C2BAEE0078BDE1 /* SwiftUI.framework in Frameworks */,
				C612DC2826C2BAEE0078BDE1 /* WidgetKit.framework in Frameworks */,
			);
			runOnlyForDeploymentPostprocessing = 0;
		};
		C629C36826D2D77A006AB59B /* Frameworks */ = {
			isa = PBXFrameworksBuildPhase;
			buildActionMask = 2147483647;
			files = (
				C67DEECF26F3BF9C0010B233 /* BoredSDK in Frameworks */,
				C629C36D26D2D77A006AB59B /* SwiftUI.framework in Frameworks */,
				C629C36C26D2D77A006AB59B /* WidgetKit.framework in Frameworks */,
			);
			runOnlyForDeploymentPostprocessing = 0;
		};
		C64E17F426BE76550043107C /* Frameworks */ = {
			isa = PBXFrameworksBuildPhase;
			buildActionMask = 2147483647;
			files = (
				C67DEEC926F3BF8C0010B233 /* BoredSDK in Frameworks */,
			);
			runOnlyForDeploymentPostprocessing = 0;
		};
		C64E17FC26BE76550043107C /* Frameworks */ = {
			isa = PBXFrameworksBuildPhase;
			buildActionMask = 2147483647;
			files = (
				C67DEECB26F3BF910010B233 /* BoredSDK in Frameworks */,
			);
			runOnlyForDeploymentPostprocessing = 0;
		};
		C6ED205B26D294FE004B1402 /* Frameworks */ = {
			isa = PBXFrameworksBuildPhase;
			buildActionMask = 2147483647;
			files = (
				C67DEED126F3BFA20010B233 /* BoredSDK in Frameworks */,
			);
			runOnlyForDeploymentPostprocessing = 0;
		};
/* End PBXFrameworksBuildPhase section */

/* Begin PBXGroup section */
		C60F785226DA27670007B1C4 /* Components */ = {
			isa = PBXGroup;
			children = (
				C658675A26CEEF5C00C4E368 /* VisualEffectBlur-Mac.swift */,
			);
			path = Components;
			sourceTree = "<group>";
		};
		C60F785326DA27700007B1C4 /* View */ = {
			isa = PBXGroup;
			children = (
				C60F785426DA27860007B1C4 /* ContentView.swift */,
			);
			path = View;
			sourceTree = "<group>";
		};
		C60F785826DA28650007B1C4 /* View */ = {
			isa = PBXGroup;
			children = (
				C6B2F1DF26E2AC87004285BB /* BottomSheetView.swift */,
				C60F785926DA28720007B1C4 /* ContentView.swift */,
				C6B2F1DD26E2A1A4004285BB /* FilterView.swift */,
				C609003826DA37D200970A2C /* IntroView.swift */,
				C650657C26E4B71F00604E8C /* MoreView.swift */,
			);
			path = View;
			sourceTree = "<group>";
		};
		C612DC2626C2BAEE0078BDE1 /* Frameworks */ = {
			isa = PBXGroup;
			children = (
				C612DC2726C2BAEE0078BDE1 /* WidgetKit.framework */,
				C612DC2926C2BAEE0078BDE1 /* SwiftUI.framework */,
			);
			name = Frameworks;
			sourceTree = "<group>";
		};
		C612DC2B26C2BAEE0078BDE1 /* Widget(iOS) */ = {
			isa = PBXGroup;
			children = (
				C612DC3126C2BAF00078BDE1 /* Info.plist */,
			);
			path = "Widget(iOS)";
			sourceTree = "<group>";
		};
		C629C36E26D2D77A006AB59B /* Widget(macOS) */ = {
			isa = PBXGroup;
			children = (
				C629C37426D2D77B006AB59B /* Info.plist */,
				C629C37526D2D77B006AB59B /* Widget.entitlements */,
			);
			path = "Widget(macOS)";
			sourceTree = "<group>";
		};
		C648678526CC32D5004F2C80 /* Model */ = {
			isa = PBXGroup;
			children = (
				C648678626CC32F2004F2C80 /* ActivityData.swift */,
			);
			path = Model;
			sourceTree = "<group>";
		};
		C64E17EA26BE76540043107C = {
			isa = PBXGroup;
			children = (
				C64E17EF26BE76540043107C /* Shared */,
				C64E17F926BE76550043107C /* iOS */,
				C64E180026BE76550043107C /* macOS */,
				C612DC2B26C2BAEE0078BDE1 /* Widget(iOS) */,
				C6ED205626D294FC004B1402 /* Bored WatchKit App */,
				C6ED206226D294FE004B1402 /* Bored WatchKit Extension */,
				C629C36E26D2D77A006AB59B /* Widget(macOS) */,
				C612DC2626C2BAEE0078BDE1 /* Frameworks */,
				C64E17F826BE76550043107C /* Products */,
			);
			sourceTree = "<group>";
		};
		C64E17EF26BE76540043107C /* Shared */ = {
			isa = PBXGroup;
			children = (
				C64E182B26BE7B720043107C /* Components */,
				C64E182D26BE7B720043107C /* View */,
				C67DEEC526F3BC200010B233 /* ViewModel */,
				C6A19C4A26D2D6530028C926 /* Widget */,
				C64E17F226BE76550043107C /* Assets.xcassets */,
				C64E17F026BE76540043107C /* BoredApp.swift */,
			);
			path = Shared;
			sourceTree = "<group>";
		};
		C64E17F826BE76550043107C /* Products */ = {
			isa = PBXGroup;
			children = (
				C64E17F726BE76550043107C /* Bored.app */,
				C64E17FF26BE76550043107C /* Bored.app */,
				C612DC2526C2BAEE0078BDE1 /* WidgetExtension(iOS).appex */,
				C6ED204F26D294FC004B1402 /* Bored.app */,
				C6ED205226D294FC004B1402 /* Bored WatchKit App.app */,
				C6ED205E26D294FE004B1402 /* Bored WatchKit Extension.appex */,
				C629C36B26D2D77A006AB59B /* WidgetExtension(macOS).appex */,
			);
			name = Products;
			sourceTree = "<group>";
		};
		C64E17F926BE76550043107C /* iOS */ = {
			isa = PBXGroup;
			children = (
				C60F785826DA28650007B1C4 /* View */,
				C64E17FA26BE76550043107C /* Info.plist */,
			);
			path = iOS;
			sourceTree = "<group>";
		};
		C64E180026BE76550043107C /* macOS */ = {
			isa = PBXGroup;
			children = (
				C60F785226DA27670007B1C4 /* Components */,
				C60F785326DA27700007B1C4 /* View */,
				C64E180126BE76550043107C /* Info.plist */,
				C64E180226BE76550043107C /* macOS.entitlements */,
			);
			path = macOS;
			sourceTree = "<group>";
		};
		C64E182B26BE7B720043107C /* Components */ = {
			isa = PBXGroup;
			children = (
				C64E182C26BE7B720043107C /* Extensions+String.swift */,
			);
			path = Components;
			sourceTree = "<group>";
		};
		C64E182D26BE7B720043107C /* View */ = {
			isa = PBXGroup;
			children = (
				C64E182F26BE7B720043107C /* ActionView.swift */,
				C60F785F26DA29EE0007B1C4 /* ActivityView.swift */,
				C60F785B26DA29650007B1C4 /* HeaderView.swift */,
				C64E182E26BE7B720043107C /* ItemView.swift */,
			);
			path = View;
			sourceTree = "<group>";
		};
		C67DEEC526F3BC200010B233 /* ViewModel */ = {
			isa = PBXGroup;
			children = (
				C64E182826BE7A650043107C /* ActivityStore.swift */,
			);
			path = ViewModel;
			sourceTree = "<group>";
		};
		C6A19C4A26D2D6530028C926 /* Widget */ = {
			isa = PBXGroup;
			children = (
				C648678526CC32D5004F2C80 /* Model */,
				C6A19C4B26D2D66B0028C926 /* View */,
				C612DC2C26C2BAEE0078BDE1 /* Widget.swift */,
				C612DC2F26C2BAF00078BDE1 /* Assets.xcassets */,
			);
			path = Widget;
			sourceTree = "<group>";
		};
		C6A19C4B26D2D66B0028C926 /* View */ = {
			isa = PBXGroup;
			children = (
				C648678026CB9D5F004F2C80 /* MediumWidget.swift */,
				C612DC4526C2CFC90078BDE1 /* SmallWidget.swift */,
			);
			path = View;
			sourceTree = "<group>";
		};
		C6B2F1DA26E29105004285BB /* View */ = {
			isa = PBXGroup;
			children = (
				C6B2F1DB26E2910F004285BB /* ContentView.swift */,
			);
			path = View;
			sourceTree = "<group>";
		};
		C6ED205626D294FC004B1402 /* Bored WatchKit App */ = {
			isa = PBXGroup;
			children = (
				C6ED205726D294FE004B1402 /* Assets.xcassets */,
				C6ED205926D294FE004B1402 /* Info.plist */,
			);
			path = "Bored WatchKit App";
			sourceTree = "<group>";
		};
		C6ED206226D294FE004B1402 /* Bored WatchKit Extension */ = {
			isa = PBXGroup;
			children = (
				C6B2F1DA26E29105004285BB /* View */,
				C6ED206726D294FE004B1402 /* ComplicationController.swift */,
				C6ED206926D294FF004B1402 /* Assets.xcassets */,
				C6ED206E26D294FF004B1402 /* Info.plist */,
				C6ED206B26D294FF004B1402 /* Preview Content */,
			);
			path = "Bored WatchKit Extension";
			sourceTree = "<group>";
		};
		C6ED206B26D294FF004B1402 /* Preview Content */ = {
			isa = PBXGroup;
			children = (
				C6ED206C26D294FF004B1402 /* Preview Assets.xcassets */,
			);
			path = "Preview Content";
			sourceTree = "<group>";
		};
/* End PBXGroup section */

/* Begin PBXNativeTarget section */
		C612DC2426C2BAEE0078BDE1 /* WidgetExtension(iOS) */ = {
			isa = PBXNativeTarget;
			buildConfigurationList = C612DC3A26C2BAF00078BDE1 /* Build configuration list for PBXNativeTarget "WidgetExtension(iOS)" */;
			buildPhases = (
				C612DC2126C2BAEE0078BDE1 /* Sources */,
				C612DC2226C2BAEE0078BDE1 /* Frameworks */,
				C612DC2326C2BAEE0078BDE1 /* Resources */,
			);
			buildRules = (
			);
			dependencies = (
			);
			name = "WidgetExtension(iOS)";
			packageProductDependencies = (
				C67DEECC26F3BF960010B233 /* BoredSDK */,
			);
			productName = WidgetExtension;
			productReference = C612DC2526C2BAEE0078BDE1 /* WidgetExtension(iOS).appex */;
			productType = "com.apple.product-type.app-extension";
		};
		C629C36A26D2D77A006AB59B /* WidgetExtension(macOS) */ = {
			isa = PBXNativeTarget;
			buildConfigurationList = C629C37B26D2D77B006AB59B /* Build configuration list for PBXNativeTarget "WidgetExtension(macOS)" */;
			buildPhases = (
				C629C36726D2D77A006AB59B /* Sources */,
				C629C36826D2D77A006AB59B /* Frameworks */,
				C629C36926D2D77A006AB59B /* Resources */,
			);
			buildRules = (
			);
			dependencies = (
			);
			name = "WidgetExtension(macOS)";
			packageProductDependencies = (
				C67DEECE26F3BF9C0010B233 /* BoredSDK */,
			);
			productName = WidgetExtension;
			productReference = C629C36B26D2D77A006AB59B /* WidgetExtension(macOS).appex */;
			productType = "com.apple.product-type.app-extension";
		};
		C64E17F626BE76550043107C /* Bored (iOS) */ = {
			isa = PBXNativeTarget;
			buildConfigurationList = C64E180B26BE76550043107C /* Build configuration list for PBXNativeTarget "Bored (iOS)" */;
			buildPhases = (
				C64E17F326BE76550043107C /* Sources */,
				C64E17F426BE76550043107C /* Frameworks */,
				C64E17F526BE76550043107C /* Resources */,
				C612DC3726C2BAF00078BDE1 /* Embed App Extensions */,
			);
			buildRules = (
			);
			dependencies = (
				C612DC3526C2BAF00078BDE1 /* PBXTargetDependency */,
			);
			name = "Bored (iOS)";
			packageProductDependencies = (
				C67DEEC826F3BF8C0010B233 /* BoredSDK */,
			);
			productName = "Bored (iOS)";
			productReference = C64E17F726BE76550043107C /* Bored.app */;
			productType = "com.apple.product-type.application";
		};
		C64E17FE26BE76550043107C /* Bored (macOS) */ = {
			isa = PBXNativeTarget;
			buildConfigurationList = C64E180E26BE76550043107C /* Build configuration list for PBXNativeTarget "Bored (macOS)" */;
			buildPhases = (
				C64E17FB26BE76550043107C /* Sources */,
				C64E17FC26BE76550043107C /* Frameworks */,
				C64E17FD26BE76550043107C /* Resources */,
				C629C37E26D2D77B006AB59B /* Embed App Extensions */,
			);
			buildRules = (
			);
			dependencies = (
				C629C37926D2D77B006AB59B /* PBXTargetDependency */,
			);
			name = "Bored (macOS)";
			packageProductDependencies = (
				C67DEECA26F3BF910010B233 /* BoredSDK */,
			);
			productName = "Bored (macOS)";
			productReference = C64E17FF26BE76550043107C /* Bored.app */;
			productType = "com.apple.product-type.application";
		};
		C6ED204E26D294FC004B1402 /* Bored */ = {
			isa = PBXNativeTarget;
			buildConfigurationList = C6ED207926D294FF004B1402 /* Build configuration list for PBXNativeTarget "Bored" */;
			buildPhases = (
				C6ED204D26D294FC004B1402 /* Resources */,
				C6ED207126D294FF004B1402 /* Embed Watch Content */,
			);
			buildRules = (
			);
			dependencies = (
				C6ED205526D294FC004B1402 /* PBXTargetDependency */,
			);
			name = Bored;
			productName = Bored;
			productReference = C6ED204F26D294FC004B1402 /* Bored.app */;
			productType = "com.apple.product-type.application.watchapp2-container";
		};
		C6ED205126D294FC004B1402 /* Bored WatchKit App */ = {
			isa = PBXNativeTarget;
			buildConfigurationList = C6ED207826D294FF004B1402 /* Build configuration list for PBXNativeTarget "Bored WatchKit App" */;
			buildPhases = (
				C6ED205026D294FC004B1402 /* Resources */,
				C6ED207426D294FF004B1402 /* Embed App Extensions */,
			);
			buildRules = (
			);
			dependencies = (
				C6ED206126D294FE004B1402 /* PBXTargetDependency */,
			);
			name = "Bored WatchKit App";
			productName = "Bored WatchKit App";
			productReference = C6ED205226D294FC004B1402 /* Bored WatchKit App.app */;
			productType = "com.apple.product-type.application.watchapp2";
		};
		C6ED205D26D294FE004B1402 /* Bored WatchKit Extension */ = {
			isa = PBXNativeTarget;
			buildConfigurationList = C6ED207726D294FF004B1402 /* Build configuration list for PBXNativeTarget "Bored WatchKit Extension" */;
			buildPhases = (
				C6ED205A26D294FE004B1402 /* Sources */,
				C6ED205B26D294FE004B1402 /* Frameworks */,
				C6ED205C26D294FE004B1402 /* Resources */,
			);
			buildRules = (
			);
			dependencies = (
			);
			name = "Bored WatchKit Extension";
			packageProductDependencies = (
				C67DEED026F3BFA20010B233 /* BoredSDK */,
			);
			productName = "Bored WatchKit Extension";
			productReference = C6ED205E26D294FE004B1402 /* Bored WatchKit Extension.appex */;
			productType = "com.apple.product-type.watchkit2-extension";
		};
/* End PBXNativeTarget section */

/* Begin PBXProject section */
		C64E17EB26BE76540043107C /* Project object */ = {
			isa = PBXProject;
			attributes = {
				LastSwiftUpdateCheck = 1250;
				LastUpgradeCheck = 1300;
				TargetAttributes = {
					C612DC2426C2BAEE0078BDE1 = {
						CreatedOnToolsVersion = 12.5;
					};
					C629C36A26D2D77A006AB59B = {
						CreatedOnToolsVersion = 12.5;
					};
					C64E17F626BE76550043107C = {
						CreatedOnToolsVersion = 12.5;
					};
					C64E17FE26BE76550043107C = {
						CreatedOnToolsVersion = 12.5;
					};
					C6ED204E26D294FC004B1402 = {
						CreatedOnToolsVersion = 12.5;
					};
					C6ED205126D294FC004B1402 = {
						CreatedOnToolsVersion = 12.5;
					};
					C6ED205D26D294FE004B1402 = {
						CreatedOnToolsVersion = 12.5;
					};
				};
			};
			buildConfigurationList = C64E17EE26BE76540043107C /* Build configuration list for PBXProject "Bored" */;
			compatibilityVersion = "Xcode 9.3";
			developmentRegion = en;
			hasScannedForEncodings = 0;
			knownRegions = (
				en,
				Base,
			);
			mainGroup = C64E17EA26BE76540043107C;
			packageReferences = (
				C67DEEC726F3BE240010B233 /* XCRemoteSwiftPackageReference "BoredSDK" */,
			);
			productRefGroup = C64E17F826BE76550043107C /* Products */;
			projectDirPath = "";
			projectRoot = "";
			targets = (
				C64E17F626BE76550043107C /* Bored (iOS) */,
				C64E17FE26BE76550043107C /* Bored (macOS) */,
				C612DC2426C2BAEE0078BDE1 /* WidgetExtension(iOS) */,
				C629C36A26D2D77A006AB59B /* WidgetExtension(macOS) */,
				C6ED204E26D294FC004B1402 /* Bored */,
				C6ED205126D294FC004B1402 /* Bored WatchKit App */,
				C6ED205D26D294FE004B1402 /* Bored WatchKit Extension */,
			);
		};
/* End PBXProject section */

/* Begin PBXResourcesBuildPhase section */
		C612DC2326C2BAEE0078BDE1 /* Resources */ = {
			isa = PBXResourcesBuildPhase;
			buildActionMask = 2147483647;
			files = (
				C612DC3026C2BAF00078BDE1 /* Assets.xcassets in Resources */,
			);
			runOnlyForDeploymentPostprocessing = 0;
		};
		C629C36926D2D77A006AB59B /* Resources */ = {
			isa = PBXResourcesBuildPhase;
			buildActionMask = 2147483647;
			files = (
				C65BCCF126D2D82D001A7F19 /* Assets.xcassets in Resources */,
			);
			runOnlyForDeploymentPostprocessing = 0;
		};
		C64E17F526BE76550043107C /* Resources */ = {
			isa = PBXResourcesBuildPhase;
			buildActionMask = 2147483647;
			files = (
				C64E180726BE76550043107C /* Assets.xcassets in Resources */,
			);
			runOnlyForDeploymentPostprocessing = 0;
		};
		C64E17FD26BE76550043107C /* Resources */ = {
			isa = PBXResourcesBuildPhase;
			buildActionMask = 2147483647;
			files = (
				C64E180826BE76550043107C /* Assets.xcassets in Resources */,
			);
			runOnlyForDeploymentPostprocessing = 0;
		};
		C6ED204D26D294FC004B1402 /* Resources */ = {
			isa = PBXResourcesBuildPhase;
			buildActionMask = 2147483647;
			files = (
			);
			runOnlyForDeploymentPostprocessing = 0;
		};
		C6ED205026D294FC004B1402 /* Resources */ = {
			isa = PBXResourcesBuildPhase;
			buildActionMask = 2147483647;
			files = (
				C6ED205826D294FE004B1402 /* Assets.xcassets in Resources */,
			);
			runOnlyForDeploymentPostprocessing = 0;
		};
		C6ED205C26D294FE004B1402 /* Resources */ = {
			isa = PBXResourcesBuildPhase;
			buildActionMask = 2147483647;
			files = (
				C6ED206D26D294FF004B1402 /* Preview Assets.xcassets in Resources */,
				C6ED206A26D294FF004B1402 /* Assets.xcassets in Resources */,
			);
			runOnlyForDeploymentPostprocessing = 0;
		};
/* End PBXResourcesBuildPhase section */

/* Begin PBXSourcesBuildPhase section */
		C612DC2126C2BAEE0078BDE1 /* Sources */ = {
			isa = PBXSourcesBuildPhase;
			buildActionMask = 2147483647;
			files = (
				C612DC2D26C2BAEE0078BDE1 /* Widget.swift in Sources */,
				C612DC4626C2CFC90078BDE1 /* SmallWidget.swift in Sources */,
				C648678226CB9D5F004F2C80 /* MediumWidget.swift in Sources */,
				C612DC4326C2BF470078BDE1 /* ItemView.swift in Sources */,
				C648678726CC32F2004F2C80 /* ActivityData.swift in Sources */,
				C612DC3B26C2BD4C0078BDE1 /* ActivityStore.swift in Sources */,
				C612DC4426C2BF580078BDE1 /* Extensions+String.swift in Sources */,
			);
			runOnlyForDeploymentPostprocessing = 0;
		};
		C629C36726D2D77A006AB59B /* Sources */ = {
			isa = PBXSourcesBuildPhase;
			buildActionMask = 2147483647;
			files = (
				C65BCCFB26D2D88B001A7F19 /* Extensions+String.swift in Sources */,
				C65BCCF526D2D87E001A7F19 /* ActivityStore.swift in Sources */,
				C65BCCEE26D2D82D001A7F19 /* MediumWidget.swift in Sources */,
				C629C37F26D2D7A6006AB59B /* ActivityData.swift in Sources */,
				C65BCCEF26D2D82D001A7F19 /* SmallWidget.swift in Sources */,
				C65BCCF026D2D82D001A7F19 /* Widget.swift in Sources */,
				C65BCCFC26D2D89A001A7F19 /* ItemView.swift in Sources */,
			);
			runOnlyForDeploymentPostprocessing = 0;
		};
		C64E17F326BE76550043107C /* Sources */ = {
			isa = PBXSourcesBuildPhase;
			buildActionMask = 2147483647;
			files = (
				C64E183526BE7B720043107C /* ActionView.swift in Sources */,
				C650657D26E4B71F00604E8C /* MoreView.swift in Sources */,
				C6B2F1DE26E2A1A4004285BB /* FilterView.swift in Sources */,
				C64E180326BE76550043107C /* BoredApp.swift in Sources */,
				C60F786026DA29EE0007B1C4 /* ActivityView.swift in Sources */,
				C64E183126BE7B720043107C /* Extensions+String.swift in Sources */,
				C64E183326BE7B720043107C /* ItemView.swift in Sources */,
				C6B2F1E026E2AC87004285BB /* BottomSheetView.swift in Sources */,
				C60F785C26DA29650007B1C4 /* HeaderView.swift in Sources */,
				C609003926DA37D200970A2C /* IntroView.swift in Sources */,
				C60F785A26DA28720007B1C4 /* ContentView.swift in Sources */,
				C64E182926BE7A650043107C /* ActivityStore.swift in Sources */,
			);
			runOnlyForDeploymentPostprocessing = 0;
		};
		C64E17FB26BE76550043107C /* Sources */ = {
			isa = PBXSourcesBuildPhase;
			buildActionMask = 2147483647;
			files = (
				C64E183626BE7B720043107C /* ActionView.swift in Sources */,
				C60F785526DA27860007B1C4 /* ContentView.swift in Sources */,
				C64E180426BE76550043107C /* BoredApp.swift in Sources */,
				C64E183226BE7B720043107C /* Extensions+String.swift in Sources */,
				C658675B26CEEF5C00C4E368 /* VisualEffectBlur-Mac.swift in Sources */,
				C64E183426BE7B720043107C /* ItemView.swift in Sources */,
				C60F786126DA29EE0007B1C4 /* ActivityView.swift in Sources */,
				C64E182A26BE7A650043107C /* ActivityStore.swift in Sources */,
				C60F785D26DA29650007B1C4 /* HeaderView.swift in Sources */,
			);
			runOnlyForDeploymentPostprocessing = 0;
		};
		C6ED205A26D294FE004B1402 /* Sources */ = {
			isa = PBXSourcesBuildPhase;
			buildActionMask = 2147483647;
			files = (
				C6ED207A26D2A29D004B1402 /* Extensions+String.swift in Sources */,
				C6ED207D26D2A2FF004B1402 /* ActivityStore.swift in Sources */,
				C6B2F1DC26E2910F004285BB /* ContentView.swift in Sources */,
				C6ED208426D2A3E7004B1402 /* BoredApp.swift in Sources */,
				C6ED207B26D2A2A7004B1402 /* ItemView.swift in Sources */,
				C60F786226DA29EE0007B1C4 /* ActivityView.swift in Sources */,
				C6ED206826D294FE004B1402 /* ComplicationController.swift in Sources */,
				C6ED208626D2A435004B1402 /* ActionView.swift in Sources */,
				C60F785E26DA29650007B1C4 /* HeaderView.swift in Sources */,
			);
			runOnlyForDeploymentPostprocessing = 0;
		};
/* End PBXSourcesBuildPhase section */

/* Begin PBXTargetDependency section */
		C612DC3526C2BAF00078BDE1 /* PBXTargetDependency */ = {
			isa = PBXTargetDependency;
			target = C612DC2426C2BAEE0078BDE1 /* WidgetExtension(iOS) */;
			targetProxy = C612DC3426C2BAF00078BDE1 /* PBXContainerItemProxy */;
		};
		C629C37926D2D77B006AB59B /* PBXTargetDependency */ = {
			isa = PBXTargetDependency;
			target = C629C36A26D2D77A006AB59B /* WidgetExtension(macOS) */;
			targetProxy = C629C37826D2D77B006AB59B /* PBXContainerItemProxy */;
		};
		C6ED205526D294FC004B1402 /* PBXTargetDependency */ = {
			isa = PBXTargetDependency;
			target = C6ED205126D294FC004B1402 /* Bored WatchKit App */;
			targetProxy = C6ED205426D294FC004B1402 /* PBXContainerItemProxy */;
		};
		C6ED206126D294FE004B1402 /* PBXTargetDependency */ = {
			isa = PBXTargetDependency;
			target = C6ED205D26D294FE004B1402 /* Bored WatchKit Extension */;
			targetProxy = C6ED206026D294FE004B1402 /* PBXContainerItemProxy */;
		};
/* End PBXTargetDependency section */

/* Begin XCBuildConfiguration section */
		C612DC3826C2BAF00078BDE1 /* Debug */ = {
			isa = XCBuildConfiguration;
			buildSettings = {
				ASSETCATALOG_COMPILER_GLOBAL_ACCENT_COLOR_NAME = AccentColor;
				ASSETCATALOG_COMPILER_WIDGET_BACKGROUND_COLOR_NAME = WidgetBackground;
				CODE_SIGN_ENTITLEMENTS = "";
				CODE_SIGN_STYLE = Automatic;
				DEVELOPMENT_TEAM = YB99NQ76R5;
				INFOPLIST_FILE = "$(SRCROOT)/Widget(iOS)/Info.plist";
				IPHONEOS_DEPLOYMENT_TARGET = 14.1;
				LD_RUNPATH_SEARCH_PATHS = (
					"$(inherited)",
					"@executable_path/Frameworks",
					"@executable_path/../../Frameworks",
				);
				PRODUCT_BUNDLE_IDENTIFIER = com.app.Bored.Widget;
				PRODUCT_NAME = "$(TARGET_NAME)";
				SDKROOT = iphoneos;
				SKIP_INSTALL = YES;
				SWIFT_VERSION = 5.0;
				TARGETED_DEVICE_FAMILY = "1,2";
			};
			name = Debug;
		};
		C612DC3926C2BAF00078BDE1 /* Release */ = {
			isa = XCBuildConfiguration;
			buildSettings = {
				ASSETCATALOG_COMPILER_GLOBAL_ACCENT_COLOR_NAME = AccentColor;
				ASSETCATALOG_COMPILER_WIDGET_BACKGROUND_COLOR_NAME = WidgetBackground;
				CODE_SIGN_ENTITLEMENTS = "";
				CODE_SIGN_STYLE = Automatic;
				DEVELOPMENT_TEAM = YB99NQ76R5;
				INFOPLIST_FILE = "$(SRCROOT)/Widget(iOS)/Info.plist";
				IPHONEOS_DEPLOYMENT_TARGET = 14.1;
				LD_RUNPATH_SEARCH_PATHS = (
					"$(inherited)",
					"@executable_path/Frameworks",
					"@executable_path/../../Frameworks",
				);
				PRODUCT_BUNDLE_IDENTIFIER = com.app.Bored.Widget;
				PRODUCT_NAME = "$(TARGET_NAME)";
				SDKROOT = iphoneos;
				SKIP_INSTALL = YES;
				SWIFT_VERSION = 5.0;
				TARGETED_DEVICE_FAMILY = "1,2";
				VALIDATE_PRODUCT = YES;
			};
			name = Release;
		};
		C629C37C26D2D77B006AB59B /* Debug */ = {
			isa = XCBuildConfiguration;
			buildSettings = {
				ASSETCATALOG_COMPILER_GLOBAL_ACCENT_COLOR_NAME = AccentColor;
				ASSETCATALOG_COMPILER_WIDGET_BACKGROUND_COLOR_NAME = WidgetBackground;
				CODE_SIGN_ENTITLEMENTS = "Widget(macOS)/Widget.entitlements";
				CODE_SIGN_IDENTITY = "-";
				CODE_SIGN_STYLE = Automatic;
				DEVELOPMENT_TEAM = YB99NQ76R5;
				ENABLE_HARDENED_RUNTIME = YES;
				INFOPLIST_FILE = "$(SRCROOT)/Widget(macOS)/Info.plist";
				LD_RUNPATH_SEARCH_PATHS = (
					"$(inherited)",
					"@executable_path/../Frameworks",
					"@executable_path/../../../../Frameworks",
				);
				MACOSX_DEPLOYMENT_TARGET = 11.3;
				PRODUCT_BUNDLE_IDENTIFIER = com.app.Bored.Widget;
				PRODUCT_NAME = "$(TARGET_NAME)";
				SDKROOT = macosx;
				SKIP_INSTALL = YES;
				SWIFT_VERSION = 5.0;
			};
			name = Debug;
		};
		C629C37D26D2D77B006AB59B /* Release */ = {
			isa = XCBuildConfiguration;
			buildSettings = {
				ASSETCATALOG_COMPILER_GLOBAL_ACCENT_COLOR_NAME = AccentColor;
				ASSETCATALOG_COMPILER_WIDGET_BACKGROUND_COLOR_NAME = WidgetBackground;
				CODE_SIGN_ENTITLEMENTS = "Widget(macOS)/Widget.entitlements";
				CODE_SIGN_IDENTITY = "-";
				CODE_SIGN_STYLE = Automatic;
				DEVELOPMENT_TEAM = YB99NQ76R5;
				ENABLE_HARDENED_RUNTIME = YES;
				INFOPLIST_FILE = "$(SRCROOT)/Widget(macOS)/Info.plist";
				LD_RUNPATH_SEARCH_PATHS = (
					"$(inherited)",
					"@executable_path/../Frameworks",
					"@executable_path/../../../../Frameworks",
				);
				MACOSX_DEPLOYMENT_TARGET = 11.3;
				PRODUCT_BUNDLE_IDENTIFIER = com.app.Bored.Widget;
				PRODUCT_NAME = "$(TARGET_NAME)";
				SDKROOT = macosx;
				SKIP_INSTALL = YES;
				SWIFT_VERSION = 5.0;
			};
			name = Release;
		};
		C64E180926BE76550043107C /* Debug */ = {
			isa = XCBuildConfiguration;
			buildSettings = {
				ALWAYS_SEARCH_USER_PATHS = NO;
				CLANG_ANALYZER_NONNULL = YES;
				CLANG_ANALYZER_NUMBER_OBJECT_CONVERSION = YES_AGGRESSIVE;
				CLANG_CXX_LANGUAGE_STANDARD = "gnu++14";
				CLANG_CXX_LIBRARY = "libc++";
				CLANG_ENABLE_MODULES = YES;
				CLANG_ENABLE_OBJC_ARC = YES;
				CLANG_ENABLE_OBJC_WEAK = YES;
				CLANG_WARN_BLOCK_CAPTURE_AUTORELEASING = YES;
				CLANG_WARN_BOOL_CONVERSION = YES;
				CLANG_WARN_COMMA = YES;
				CLANG_WARN_CONSTANT_CONVERSION = YES;
				CLANG_WARN_DEPRECATED_OBJC_IMPLEMENTATIONS = YES;
				CLANG_WARN_DIRECT_OBJC_ISA_USAGE = YES_ERROR;
				CLANG_WARN_DOCUMENTATION_COMMENTS = YES;
				CLANG_WARN_EMPTY_BODY = YES;
				CLANG_WARN_ENUM_CONVERSION = YES;
				CLANG_WARN_INFINITE_RECURSION = YES;
				CLANG_WARN_INT_CONVERSION = YES;
				CLANG_WARN_NON_LITERAL_NULL_CONVERSION = YES;
				CLANG_WARN_OBJC_IMPLICIT_RETAIN_SELF = YES;
				CLANG_WARN_OBJC_LITERAL_CONVERSION = YES;
				CLANG_WARN_OBJC_ROOT_CLASS = YES_ERROR;
				CLANG_WARN_QUOTED_INCLUDE_IN_FRAMEWORK_HEADER = YES;
				CLANG_WARN_RANGE_LOOP_ANALYSIS = YES;
				CLANG_WARN_STRICT_PROTOTYPES = YES;
				CLANG_WARN_SUSPICIOUS_MOVE = YES;
				CLANG_WARN_UNGUARDED_AVAILABILITY = YES_AGGRESSIVE;
				CLANG_WARN_UNREACHABLE_CODE = YES;
				CLANG_WARN__DUPLICATE_METHOD_MATCH = YES;
				COPY_PHASE_STRIP = NO;
				DEBUG_INFORMATION_FORMAT = dwarf;
				ENABLE_STRICT_OBJC_MSGSEND = YES;
				ENABLE_TESTABILITY = YES;
				GCC_C_LANGUAGE_STANDARD = gnu11;
				GCC_DYNAMIC_NO_PIC = NO;
				GCC_NO_COMMON_BLOCKS = YES;
				GCC_OPTIMIZATION_LEVEL = 0;
				GCC_PREPROCESSOR_DEFINITIONS = (
					"DEBUG=1",
					"$(inherited)",
				);
				GCC_WARN_64_TO_32_BIT_CONVERSION = YES;
				GCC_WARN_ABOUT_RETURN_TYPE = YES_ERROR;
				GCC_WARN_UNDECLARED_SELECTOR = YES;
				GCC_WARN_UNINITIALIZED_AUTOS = YES_AGGRESSIVE;
				GCC_WARN_UNUSED_FUNCTION = YES;
				GCC_WARN_UNUSED_VARIABLE = YES;
				MTL_ENABLE_DEBUG_INFO = INCLUDE_SOURCE;
				MTL_FAST_MATH = YES;
				ONLY_ACTIVE_ARCH = YES;
				SWIFT_ACTIVE_COMPILATION_CONDITIONS = DEBUG;
				SWIFT_OPTIMIZATION_LEVEL = "-Onone";
			};
			name = Debug;
		};
		C64E180A26BE76550043107C /* Release */ = {
			isa = XCBuildConfiguration;
			buildSettings = {
				ALWAYS_SEARCH_USER_PATHS = NO;
				CLANG_ANALYZER_NONNULL = YES;
				CLANG_ANALYZER_NUMBER_OBJECT_CONVERSION = YES_AGGRESSIVE;
				CLANG_CXX_LANGUAGE_STANDARD = "gnu++14";
				CLANG_CXX_LIBRARY = "libc++";
				CLANG_ENABLE_MODULES = YES;
				CLANG_ENABLE_OBJC_ARC = YES;
				CLANG_ENABLE_OBJC_WEAK = YES;
				CLANG_WARN_BLOCK_CAPTURE_AUTORELEASING = YES;
				CLANG_WARN_BOOL_CONVERSION = YES;
				CLANG_WARN_COMMA = YES;
				CLANG_WARN_CONSTANT_CONVERSION = YES;
				CLANG_WARN_DEPRECATED_OBJC_IMPLEMENTATIONS = YES;
				CLANG_WARN_DIRECT_OBJC_ISA_USAGE = YES_ERROR;
				CLANG_WARN_DOCUMENTATION_COMMENTS = YES;
				CLANG_WARN_EMPTY_BODY = YES;
				CLANG_WARN_ENUM_CONVERSION = YES;
				CLANG_WARN_INFINITE_RECURSION = YES;
				CLANG_WARN_INT_CONVERSION = YES;
				CLANG_WARN_NON_LITERAL_NULL_CONVERSION = YES;
				CLANG_WARN_OBJC_IMPLICIT_RETAIN_SELF = YES;
				CLANG_WARN_OBJC_LITERAL_CONVERSION = YES;
				CLANG_WARN_OBJC_ROOT_CLASS = YES_ERROR;
				CLANG_WARN_QUOTED_INCLUDE_IN_FRAMEWORK_HEADER = YES;
				CLANG_WARN_RANGE_LOOP_ANALYSIS = YES;
				CLANG_WARN_STRICT_PROTOTYPES = YES;
				CLANG_WARN_SUSPICIOUS_MOVE = YES;
				CLANG_WARN_UNGUARDED_AVAILABILITY = YES_AGGRESSIVE;
				CLANG_WARN_UNREACHABLE_CODE = YES;
				CLANG_WARN__DUPLICATE_METHOD_MATCH = YES;
				COPY_PHASE_STRIP = NO;
				DEBUG_INFORMATION_FORMAT = "dwarf-with-dsym";
				ENABLE_NS_ASSERTIONS = NO;
				ENABLE_STRICT_OBJC_MSGSEND = YES;
				GCC_C_LANGUAGE_STANDARD = gnu11;
				GCC_NO_COMMON_BLOCKS = YES;
				GCC_WARN_64_TO_32_BIT_CONVERSION = YES;
				GCC_WARN_ABOUT_RETURN_TYPE = YES_ERROR;
				GCC_WARN_UNDECLARED_SELECTOR = YES;
				GCC_WARN_UNINITIALIZED_AUTOS = YES_AGGRESSIVE;
				GCC_WARN_UNUSED_FUNCTION = YES;
				GCC_WARN_UNUSED_VARIABLE = YES;
				MTL_ENABLE_DEBUG_INFO = NO;
				MTL_FAST_MATH = YES;
				SWIFT_COMPILATION_MODE = wholemodule;
				SWIFT_OPTIMIZATION_LEVEL = "-O";
			};
			name = Release;
		};
		C64E180C26BE76550043107C /* Debug */ = {
			isa = XCBuildConfiguration;
			buildSettings = {
				ALWAYS_EMBED_SWIFT_STANDARD_LIBRARIES = YES;
				ASSETCATALOG_COMPILER_APPICON_NAME = AppIcon;
				ASSETCATALOG_COMPILER_GLOBAL_ACCENT_COLOR_NAME = AccentColor;
				CODE_SIGN_ENTITLEMENTS = "";
				CODE_SIGN_STYLE = Automatic;
				DEVELOPMENT_TEAM = YB99NQ76R5;
				ENABLE_PREVIEWS = YES;
				INFOPLIST_FILE = iOS/Info.plist;
				IPHONEOS_DEPLOYMENT_TARGET = 14.1;
				LD_RUNPATH_SEARCH_PATHS = (
					"$(inherited)",
					"@executable_path/Frameworks",
				);
				PRODUCT_BUNDLE_IDENTIFIER = com.app.Bored;
				PRODUCT_NAME = Bored;
				SDKROOT = iphoneos;
				SWIFT_VERSION = 5.0;
				TARGETED_DEVICE_FAMILY = "1,2";
				WATCHOS_DEPLOYMENT_TARGET = 7.1;
			};
			name = Debug;
		};
		C64E180D26BE76550043107C /* Release */ = {
			isa = XCBuildConfiguration;
			buildSettings = {
				ALWAYS_EMBED_SWIFT_STANDARD_LIBRARIES = YES;
				ASSETCATALOG_COMPILER_APPICON_NAME = AppIcon;
				ASSETCATALOG_COMPILER_GLOBAL_ACCENT_COLOR_NAME = AccentColor;
				CODE_SIGN_ENTITLEMENTS = "";
				CODE_SIGN_STYLE = Automatic;
				DEVELOPMENT_TEAM = YB99NQ76R5;
				ENABLE_PREVIEWS = YES;
				INFOPLIST_FILE = iOS/Info.plist;
				IPHONEOS_DEPLOYMENT_TARGET = 14.1;
				LD_RUNPATH_SEARCH_PATHS = (
					"$(inherited)",
					"@executable_path/Frameworks",
				);
				PRODUCT_BUNDLE_IDENTIFIER = com.app.Bored;
				PRODUCT_NAME = Bored;
				SDKROOT = iphoneos;
				SWIFT_VERSION = 5.0;
				TARGETED_DEVICE_FAMILY = "1,2";
				VALIDATE_PRODUCT = YES;
				WATCHOS_DEPLOYMENT_TARGET = 7.1;
			};
			name = Release;
		};
		C64E180F26BE76550043107C /* Debug */ = {
			isa = XCBuildConfiguration;
			buildSettings = {
				ALWAYS_EMBED_SWIFT_STANDARD_LIBRARIES = YES;
				ASSETCATALOG_COMPILER_APPICON_NAME = AppIcon;
				ASSETCATALOG_COMPILER_GLOBAL_ACCENT_COLOR_NAME = AccentColor;
				CODE_SIGN_ENTITLEMENTS = macOS/macOS.entitlements;
				CODE_SIGN_IDENTITY = "-";
				CODE_SIGN_STYLE = Automatic;
				COMBINE_HIDPI_IMAGES = YES;
				DEVELOPMENT_TEAM = YB99NQ76R5;
				ENABLE_HARDENED_RUNTIME = YES;
				ENABLE_PREVIEWS = YES;
				INFOPLIST_FILE = macOS/Info.plist;
				LD_RUNPATH_SEARCH_PATHS = (
					"$(inherited)",
					"@executable_path/../Frameworks",
				);
				MACOSX_DEPLOYMENT_TARGET = 11.0;
				PRODUCT_BUNDLE_IDENTIFIER = com.app.Bored;
				PRODUCT_NAME = Bored;
				SDKROOT = macosx;
				SWIFT_VERSION = 5.0;
			};
			name = Debug;
		};
		C64E181026BE76550043107C /* Release */ = {
			isa = XCBuildConfiguration;
			buildSettings = {
				ALWAYS_EMBED_SWIFT_STANDARD_LIBRARIES = YES;
				ASSETCATALOG_COMPILER_APPICON_NAME = AppIcon;
				ASSETCATALOG_COMPILER_GLOBAL_ACCENT_COLOR_NAME = AccentColor;
				CODE_SIGN_ENTITLEMENTS = macOS/macOS.entitlements;
				CODE_SIGN_IDENTITY = "-";
				CODE_SIGN_STYLE = Automatic;
				COMBINE_HIDPI_IMAGES = YES;
				DEVELOPMENT_TEAM = YB99NQ76R5;
				ENABLE_HARDENED_RUNTIME = YES;
				ENABLE_PREVIEWS = YES;
				INFOPLIST_FILE = macOS/Info.plist;
				LD_RUNPATH_SEARCH_PATHS = (
					"$(inherited)",
					"@executable_path/../Frameworks",
				);
				MACOSX_DEPLOYMENT_TARGET = 11.0;
				PRODUCT_BUNDLE_IDENTIFIER = com.app.Bored;
				PRODUCT_NAME = Bored;
				SDKROOT = macosx;
				SWIFT_VERSION = 5.0;
			};
			name = Release;
		};
		C6ED206F26D294FF004B1402 /* Debug */ = {
			isa = XCBuildConfiguration;
			buildSettings = {
				CODE_SIGN_STYLE = Automatic;
				CURRENT_PROJECT_VERSION = 1;
				DEVELOPMENT_TEAM = YB99NQ76R5;
				MARKETING_VERSION = 1.0;
				PRODUCT_BUNDLE_IDENTIFIER = com.app.Bored;
				PRODUCT_NAME = "$(TARGET_NAME)";
				SDKROOT = iphoneos;
				SWIFT_VERSION = 5.0;
			};
			name = Debug;
		};
		C6ED207026D294FF004B1402 /* Release */ = {
			isa = XCBuildConfiguration;
			buildSettings = {
				CODE_SIGN_STYLE = Automatic;
				CURRENT_PROJECT_VERSION = 1;
				DEVELOPMENT_TEAM = YB99NQ76R5;
				MARKETING_VERSION = 1.0;
				PRODUCT_BUNDLE_IDENTIFIER = com.app.Bored;
				PRODUCT_NAME = "$(TARGET_NAME)";
				SDKROOT = iphoneos;
				SWIFT_VERSION = 5.0;
				VALIDATE_PRODUCT = YES;
			};
			name = Release;
		};
		C6ED207226D294FF004B1402 /* Debug */ = {
			isa = XCBuildConfiguration;
			buildSettings = {
				ALWAYS_EMBED_SWIFT_STANDARD_LIBRARIES = YES;
				ASSETCATALOG_COMPILER_APPICON_NAME = AppIcon;
				ASSETCATALOG_COMPILER_GLOBAL_ACCENT_COLOR_NAME = AccentColor;
				CODE_SIGN_STYLE = Automatic;
				DEVELOPMENT_TEAM = YB99NQ76R5;
				IBSC_MODULE = Bored_WatchKit_Extension;
				INFOPLIST_FILE = "Bored WatchKit App/Info.plist";
				PRODUCT_BUNDLE_IDENTIFIER = com.app.Bored.watchkitapp;
				PRODUCT_NAME = "$(TARGET_NAME)";
				SDKROOT = watchos;
				SKIP_INSTALL = YES;
				SWIFT_VERSION = 5.0;
				TARGETED_DEVICE_FAMILY = 4;
				WATCHOS_DEPLOYMENT_TARGET = 7.4;
			};
			name = Debug;
		};
		C6ED207326D294FF004B1402 /* Release */ = {
			isa = XCBuildConfiguration;
			buildSettings = {
				ALWAYS_EMBED_SWIFT_STANDARD_LIBRARIES = YES;
				ASSETCATALOG_COMPILER_APPICON_NAME = AppIcon;
				ASSETCATALOG_COMPILER_GLOBAL_ACCENT_COLOR_NAME = AccentColor;
				CODE_SIGN_STYLE = Automatic;
				DEVELOPMENT_TEAM = YB99NQ76R5;
				IBSC_MODULE = Bored_WatchKit_Extension;
				INFOPLIST_FILE = "Bored WatchKit App/Info.plist";
				PRODUCT_BUNDLE_IDENTIFIER = com.app.Bored.watchkitapp;
				PRODUCT_NAME = "$(TARGET_NAME)";
				SDKROOT = watchos;
				SKIP_INSTALL = YES;
				SWIFT_VERSION = 5.0;
				TARGETED_DEVICE_FAMILY = 4;
				VALIDATE_PRODUCT = YES;
				WATCHOS_DEPLOYMENT_TARGET = 7.4;
			};
			name = Release;
		};
		C6ED207526D294FF004B1402 /* Debug */ = {
			isa = XCBuildConfiguration;
			buildSettings = {
				ASSETCATALOG_COMPILER_COMPLICATION_NAME = Complication;
				CODE_SIGN_STYLE = Automatic;
				DEVELOPMENT_ASSET_PATHS = "\"Bored WatchKit Extension/Preview Content\"";
				DEVELOPMENT_TEAM = YB99NQ76R5;
				ENABLE_PREVIEWS = YES;
				INFOPLIST_FILE = "Bored WatchKit Extension/Info.plist";
				LD_RUNPATH_SEARCH_PATHS = (
					"$(inherited)",
					"@executable_path/Frameworks",
					"@executable_path/../../Frameworks",
				);
				PRODUCT_BUNDLE_IDENTIFIER = com.app.Bored.watchkitapp.watchkitextension;
				PRODUCT_NAME = "${TARGET_NAME}";
				SDKROOT = watchos;
				SKIP_INSTALL = YES;
				SWIFT_VERSION = 5.0;
				TARGETED_DEVICE_FAMILY = 4;
				WATCHOS_DEPLOYMENT_TARGET = 7.4;
			};
			name = Debug;
		};
		C6ED207626D294FF004B1402 /* Release */ = {
			isa = XCBuildConfiguration;
			buildSettings = {
				ASSETCATALOG_COMPILER_COMPLICATION_NAME = Complication;
				CODE_SIGN_STYLE = Automatic;
				DEVELOPMENT_ASSET_PATHS = "\"Bored WatchKit Extension/Preview Content\"";
				DEVELOPMENT_TEAM = YB99NQ76R5;
				ENABLE_PREVIEWS = YES;
				INFOPLIST_FILE = "Bored WatchKit Extension/Info.plist";
				LD_RUNPATH_SEARCH_PATHS = (
					"$(inherited)",
					"@executable_path/Frameworks",
					"@executable_path/../../Frameworks",
				);
				PRODUCT_BUNDLE_IDENTIFIER = com.app.Bored.watchkitapp.watchkitextension;
				PRODUCT_NAME = "${TARGET_NAME}";
				SDKROOT = watchos;
				SKIP_INSTALL = YES;
				SWIFT_VERSION = 5.0;
				TARGETED_DEVICE_FAMILY = 4;
				VALIDATE_PRODUCT = YES;
				WATCHOS_DEPLOYMENT_TARGET = 7.4;
			};
			name = Release;
		};
/* End XCBuildConfiguration section */

/* Begin XCConfigurationList section */
		C612DC3A26C2BAF00078BDE1 /* Build configuration list for PBXNativeTarget "WidgetExtension(iOS)" */ = {
			isa = XCConfigurationList;
			buildConfigurations = (
				C612DC3826C2BAF00078BDE1 /* Debug */,
				C612DC3926C2BAF00078BDE1 /* Release */,
			);
			defaultConfigurationIsVisible = 0;
			defaultConfigurationName = Release;
		};
		C629C37B26D2D77B006AB59B /* Build configuration list for PBXNativeTarget "WidgetExtension(macOS)" */ = {
			isa = XCConfigurationList;
			buildConfigurations = (
				C629C37C26D2D77B006AB59B /* Debug */,
				C629C37D26D2D77B006AB59B /* Release */,
			);
			defaultConfigurationIsVisible = 0;
			defaultConfigurationName = Release;
		};
		C64E17EE26BE76540043107C /* Build configuration list for PBXProject "Bored" */ = {
			isa = XCConfigurationList;
			buildConfigurations = (
				C64E180926BE76550043107C /* Debug */,
				C64E180A26BE76550043107C /* Release */,
			);
			defaultConfigurationIsVisible = 0;
			defaultConfigurationName = Release;
		};
		C64E180B26BE76550043107C /* Build configuration list for PBXNativeTarget "Bored (iOS)" */ = {
			isa = XCConfigurationList;
			buildConfigurations = (
				C64E180C26BE76550043107C /* Debug */,
				C64E180D26BE76550043107C /* Release */,
			);
			defaultConfigurationIsVisible = 0;
			defaultConfigurationName = Release;
		};
		C64E180E26BE76550043107C /* Build configuration list for PBXNativeTarget "Bored (macOS)" */ = {
			isa = XCConfigurationList;
			buildConfigurations = (
				C64E180F26BE76550043107C /* Debug */,
				C64E181026BE76550043107C /* Release */,
			);
			defaultConfigurationIsVisible = 0;
			defaultConfigurationName = Release;
		};
		C6ED207726D294FF004B1402 /* Build configuration list for PBXNativeTarget "Bored WatchKit Extension" */ = {
			isa = XCConfigurationList;
			buildConfigurations = (
				C6ED207526D294FF004B1402 /* Debug */,
				C6ED207626D294FF004B1402 /* Release */,
			);
			defaultConfigurationIsVisible = 0;
			defaultConfigurationName = Release;
		};
		C6ED207826D294FF004B1402 /* Build configuration list for PBXNativeTarget "Bored WatchKit App" */ = {
			isa = XCConfigurationList;
			buildConfigurations = (
				C6ED207226D294FF004B1402 /* Debug */,
				C6ED207326D294FF004B1402 /* Release */,
			);
			defaultConfigurationIsVisible = 0;
			defaultConfigurationName = Release;
		};
		C6ED207926D294FF004B1402 /* Build configuration list for PBXNativeTarget "Bored" */ = {
			isa = XCConfigurationList;
			buildConfigurations = (
				C6ED206F26D294FF004B1402 /* Debug */,
				C6ED207026D294FF004B1402 /* Release */,
			);
			defaultConfigurationIsVisible = 0;
			defaultConfigurationName = Release;
		};
/* End XCConfigurationList section */

/* Begin XCRemoteSwiftPackageReference section */
		C67DEEC726F3BE240010B233 /* XCRemoteSwiftPackageReference "BoredSDK" */ = {
			isa = XCRemoteSwiftPackageReference;
			repositoryURL = "https://github.com/Rminsh/BoredSDK";
			requirement = {
				kind = upToNextMinorVersion;
				minimumVersion = 1.0.0;
			};
		};
/* End XCRemoteSwiftPackageReference section */

/* Begin XCSwiftPackageProductDependency section */
		C67DEEC826F3BF8C0010B233 /* BoredSDK */ = {
			isa = XCSwiftPackageProductDependency;
			package = C67DEEC726F3BE240010B233 /* XCRemoteSwiftPackageReference "BoredSDK" */;
			productName = BoredSDK;
		};
		C67DEECA26F3BF910010B233 /* BoredSDK */ = {
			isa = XCSwiftPackageProductDependency;
			package = C67DEEC726F3BE240010B233 /* XCRemoteSwiftPackageReference "BoredSDK" */;
			productName = BoredSDK;
		};
		C67DEECC26F3BF960010B233 /* BoredSDK */ = {
			isa = XCSwiftPackageProductDependency;
			package = C67DEEC726F3BE240010B233 /* XCRemoteSwiftPackageReference "BoredSDK" */;
			productName = BoredSDK;
		};
		C67DEECE26F3BF9C0010B233 /* BoredSDK */ = {
			isa = XCSwiftPackageProductDependency;
			package = C67DEEC726F3BE240010B233 /* XCRemoteSwiftPackageReference "BoredSDK" */;
			productName = BoredSDK;
		};
		C67DEED026F3BFA20010B233 /* BoredSDK */ = {
			isa = XCSwiftPackageProductDependency;
			package = C67DEEC726F3BE240010B233 /* XCRemoteSwiftPackageReference "BoredSDK" */;
			productName = BoredSDK;
		};
/* End XCSwiftPackageProductDependency section */
	};
	rootObject = C64E17EB26BE76540043107C /* Project object */;
}
